// !$*UTF8*$!
{
	archiveVersion = 1;
	classes = {
	};
	objectVersion = 46;
	objects = {

/* Begin PBXBuildFile section */
		E8CF8E0C1ED6EF0F002B9AC6 /* AppDelegate.swift in Sources */ = {isa = PBXBuildFile; fileRef = E8CF8E0B1ED6EF0F002B9AC6 /* AppDelegate.swift */; };
		E8CF8E0E1ED6EF0F002B9AC6 /* ViewController.swift in Sources */ = {isa = PBXBuildFile; fileRef = E8CF8E0D1ED6EF0F002B9AC6 /* ViewController.swift */; };
		E8CF8E111ED6EF0F002B9AC6 /* Main.storyboard in Resources */ = {isa = PBXBuildFile; fileRef = E8CF8E0F1ED6EF0F002B9AC6 /* Main.storyboard */; };
		E8CF8E131ED6EF0F002B9AC6 /* Assets.xcassets in Resources */ = {isa = PBXBuildFile; fileRef = E8CF8E121ED6EF0F002B9AC6 /* Assets.xcassets */; };
		E8CF8E161ED6EF0F002B9AC6 /* LaunchScreen.storyboard in Resources */ = {isa = PBXBuildFile; fileRef = E8CF8E141ED6EF0F002B9AC6 /* LaunchScreen.storyboard */; };
		E8CF8E201ED6EFD4002B9AC6 /* CIBumpDistortionFilter.swift in Sources */ = {isa = PBXBuildFile; fileRef = E8CF8E1F1ED6EFD4002B9AC6 /* CIBumpDistortionFilter.swift */; };
		E8CF8E221ED6F152002B9AC6 /* CIBumpDistortionLinearFilter.swift in Sources */ = {isa = PBXBuildFile; fileRef = E8CF8E211ED6F152002B9AC6 /* CIBumpDistortionLinearFilter.swift */; };
		E8CF8E241ED6F2C2002B9AC6 /* CICircleSplashDistortionFilter.swift in Sources */ = {isa = PBXBuildFile; fileRef = E8CF8E231ED6F2C2002B9AC6 /* CICircleSplashDistortionFilter.swift */; };
		E8CF8E261ED6F371002B9AC6 /* CICircularWrapFilter.swift in Sources */ = {isa = PBXBuildFile; fileRef = E8CF8E251ED6F371002B9AC6 /* CICircularWrapFilter.swift */; };
		E8CF8E281ED6F407002B9AC6 /* CIDisplacementDistortionFilter.swift in Sources */ = {isa = PBXBuildFile; fileRef = E8CF8E271ED6F407002B9AC6 /* CIDisplacementDistortionFilter.swift */; };
		E8CF8E2A1ED6F474002B9AC6 /* CIDrosteFilter.swift in Sources */ = {isa = PBXBuildFile; fileRef = E8CF8E291ED6F474002B9AC6 /* CIDrosteFilter.swift */; };
		E8CF8E2C1ED6F520002B9AC6 /* CIGlassDistortionFilter.swift in Sources */ = {isa = PBXBuildFile; fileRef = E8CF8E2B1ED6F520002B9AC6 /* CIGlassDistortionFilter.swift */; };
		E8CF8E2E1ED6F589002B9AC6 /* CIGlassLozengeFilter.swift in Sources */ = {isa = PBXBuildFile; fileRef = E8CF8E2D1ED6F589002B9AC6 /* CIGlassLozengeFilter.swift */; };
		E8CF8E301ED6F5F6002B9AC6 /* CIHoleDistortionFilter.swift in Sources */ = {isa = PBXBuildFile; fileRef = E8CF8E2F1ED6F5F6002B9AC6 /* CIHoleDistortionFilter.swift */; };
		E8CF8E321ED6F655002B9AC6 /* CILightTunnelFilter.swift in Sources */ = {isa = PBXBuildFile; fileRef = E8CF8E311ED6F655002B9AC6 /* CILightTunnelFilter.swift */; };
		E8CF8E341ED6F6D7002B9AC6 /* CIPinchDistortionFilter.swift in Sources */ = {isa = PBXBuildFile; fileRef = E8CF8E331ED6F6D7002B9AC6 /* CIPinchDistortionFilter.swift */; };
		E8CF8E361ED6F75D002B9AC6 /* CIStretchCropFilter.swift in Sources */ = {isa = PBXBuildFile; fileRef = E8CF8E351ED6F75D002B9AC6 /* CIStretchCropFilter.swift */; };
		E8CF8E381ED6F7EA002B9AC6 /* CITorusLensDistortionFilter.swift in Sources */ = {isa = PBXBuildFile; fileRef = E8CF8E371ED6F7EA002B9AC6 /* CITorusLensDistortionFilter.swift */; };
		E8CF8E3A1ED6F83A002B9AC6 /* CITwirlDistortionFilter.swift in Sources */ = {isa = PBXBuildFile; fileRef = E8CF8E391ED6F83A002B9AC6 /* CITwirlDistortionFilter.swift */; };
		E8CF8E3C1ED6F88E002B9AC6 /* CIVortexDistortionFilter.swift in Sources */ = {isa = PBXBuildFile; fileRef = E8CF8E3B1ED6F88E002B9AC6 /* CIVortexDistortionFilter.swift */; };
		E8CF8E3F1ED6F924002B9AC6 /* CIAffineTransformFilter.swift in Sources */ = {isa = PBXBuildFile; fileRef = E8CF8E3E1ED6F924002B9AC6 /* CIAffineTransformFilter.swift */; };
		E8CF8E411ED6F96C002B9AC6 /* CICropFilter.swift in Sources */ = {isa = PBXBuildFile; fileRef = E8CF8E401ED6F96C002B9AC6 /* CICropFilter.swift */; };
		E8CF8E431ED6FA14002B9AC6 /* CILanczosScaleTransformFilter.swift in Sources */ = {isa = PBXBuildFile; fileRef = E8CF8E421ED6FA14002B9AC6 /* CILanczosScaleTransformFilter.swift */; };
		E8CF8E451ED6FA7A002B9AC6 /* CIPerspectiveCorrectionFilter.swift in Sources */ = {isa = PBXBuildFile; fileRef = E8CF8E441ED6FA7A002B9AC6 /* CIPerspectiveCorrectionFilter.swift */; };
		E8CF8E471ED6FAC1002B9AC6 /* CIPerspectiveTransformFilter.swift in Sources */ = {isa = PBXBuildFile; fileRef = E8CF8E461ED6FAC1002B9AC6 /* CIPerspectiveTransformFilter.swift */; };
		E8CF8E491ED6FB32002B9AC6 /* CIPerspectiveTransformWithExtentFilter.swift in Sources */ = {isa = PBXBuildFile; fileRef = E8CF8E481ED6FB32002B9AC6 /* CIPerspectiveTransformWithExtentFilter.swift */; };
		E8CF8E4B1ED6FBF6002B9AC6 /* CIStraightenFilter.swift in Sources */ = {isa = PBXBuildFile; fileRef = E8CF8E4A1ED6FBF6002B9AC6 /* CIStraightenFilter.swift */; };
/* End PBXBuildFile section */

/* Begin PBXFileReference section */
		E8CF8E081ED6EF0F002B9AC6 /* Demo.app */ = {isa = PBXFileReference; explicitFileType = wrapper.application; includeInIndex = 0; path = Demo.app; sourceTree = BUILT_PRODUCTS_DIR; };
		E8CF8E0B1ED6EF0F002B9AC6 /* AppDelegate.swift */ = {isa = PBXFileReference; lastKnownFileType = sourcecode.swift; path = AppDelegate.swift; sourceTree = "<group>"; };
		E8CF8E0D1ED6EF0F002B9AC6 /* ViewController.swift */ = {isa = PBXFileReference; lastKnownFileType = sourcecode.swift; path = ViewController.swift; sourceTree = "<group>"; };
		E8CF8E101ED6EF0F002B9AC6 /* Base */ = {isa = PBXFileReference; lastKnownFileType = file.storyboard; name = Base; path = Base.lproj/Main.storyboard; sourceTree = "<group>"; };
		E8CF8E121ED6EF0F002B9AC6 /* Assets.xcassets */ = {isa = PBXFileReference; lastKnownFileType = folder.assetcatalog; path = Assets.xcassets; sourceTree = "<group>"; };
		E8CF8E151ED6EF0F002B9AC6 /* Base */ = {isa = PBXFileReference; lastKnownFileType = file.storyboard; name = Base; path = Base.lproj/LaunchScreen.storyboard; sourceTree = "<group>"; };
		E8CF8E171ED6EF0F002B9AC6 /* Info.plist */ = {isa = PBXFileReference; lastKnownFileType = text.plist.xml; path = Info.plist; sourceTree = "<group>"; };
		E8CF8E1F1ED6EFD4002B9AC6 /* CIBumpDistortionFilter.swift */ = {isa = PBXFileReference; fileEncoding = 4; lastKnownFileType = sourcecode.swift; path = CIBumpDistortionFilter.swift; sourceTree = "<group>"; };
		E8CF8E211ED6F152002B9AC6 /* CIBumpDistortionLinearFilter.swift */ = {isa = PBXFileReference; fileEncoding = 4; lastKnownFileType = sourcecode.swift; path = CIBumpDistortionLinearFilter.swift; sourceTree = "<group>"; };
		E8CF8E231ED6F2C2002B9AC6 /* CICircleSplashDistortionFilter.swift */ = {isa = PBXFileReference; fileEncoding = 4; lastKnownFileType = sourcecode.swift; path = CICircleSplashDistortionFilter.swift; sourceTree = "<group>"; };
		E8CF8E251ED6F371002B9AC6 /* CICircularWrapFilter.swift */ = {isa = PBXFileReference; fileEncoding = 4; lastKnownFileType = sourcecode.swift; path = CICircularWrapFilter.swift; sourceTree = "<group>"; };
		E8CF8E271ED6F407002B9AC6 /* CIDisplacementDistortionFilter.swift */ = {isa = PBXFileReference; fileEncoding = 4; lastKnownFileType = sourcecode.swift; path = CIDisplacementDistortionFilter.swift; sourceTree = "<group>"; };
		E8CF8E291ED6F474002B9AC6 /* CIDrosteFilter.swift */ = {isa = PBXFileReference; fileEncoding = 4; lastKnownFileType = sourcecode.swift; path = CIDrosteFilter.swift; sourceTree = "<group>"; };
		E8CF8E2B1ED6F520002B9AC6 /* CIGlassDistortionFilter.swift */ = {isa = PBXFileReference; fileEncoding = 4; lastKnownFileType = sourcecode.swift; path = CIGlassDistortionFilter.swift; sourceTree = "<group>"; };
		E8CF8E2D1ED6F589002B9AC6 /* CIGlassLozengeFilter.swift */ = {isa = PBXFileReference; fileEncoding = 4; lastKnownFileType = sourcecode.swift; path = CIGlassLozengeFilter.swift; sourceTree = "<group>"; };
		E8CF8E2F1ED6F5F6002B9AC6 /* CIHoleDistortionFilter.swift */ = {isa = PBXFileReference; fileEncoding = 4; lastKnownFileType = sourcecode.swift; path = CIHoleDistortionFilter.swift; sourceTree = "<group>"; };
		E8CF8E311ED6F655002B9AC6 /* CILightTunnelFilter.swift */ = {isa = PBXFileReference; fileEncoding = 4; lastKnownFileType = sourcecode.swift; path = CILightTunnelFilter.swift; sourceTree = "<group>"; };
		E8CF8E331ED6F6D7002B9AC6 /* CIPinchDistortionFilter.swift */ = {isa = PBXFileReference; fileEncoding = 4; lastKnownFileType = sourcecode.swift; path = CIPinchDistortionFilter.swift; sourceTree = "<group>"; };
		E8CF8E351ED6F75D002B9AC6 /* CIStretchCropFilter.swift */ = {isa = PBXFileReference; fileEncoding = 4; lastKnownFileType = sourcecode.swift; path = CIStretchCropFilter.swift; sourceTree = "<group>"; };
		E8CF8E371ED6F7EA002B9AC6 /* CITorusLensDistortionFilter.swift */ = {isa = PBXFileReference; fileEncoding = 4; lastKnownFileType = sourcecode.swift; path = CITorusLensDistortionFilter.swift; sourceTree = "<group>"; };
		E8CF8E391ED6F83A002B9AC6 /* CITwirlDistortionFilter.swift */ = {isa = PBXFileReference; fileEncoding = 4; lastKnownFileType = sourcecode.swift; path = CITwirlDistortionFilter.swift; sourceTree = "<group>"; };
		E8CF8E3B1ED6F88E002B9AC6 /* CIVortexDistortionFilter.swift */ = {isa = PBXFileReference; fileEncoding = 4; lastKnownFileType = sourcecode.swift; path = CIVortexDistortionFilter.swift; sourceTree = "<group>"; };
		E8CF8E3E1ED6F924002B9AC6 /* CIAffineTransformFilter.swift */ = {isa = PBXFileReference; fileEncoding = 4; lastKnownFileType = sourcecode.swift; path = CIAffineTransformFilter.swift; sourceTree = "<group>"; };
		E8CF8E401ED6F96C002B9AC6 /* CICropFilter.swift */ = {isa = PBXFileReference; fileEncoding = 4; lastKnownFileType = sourcecode.swift; path = CICropFilter.swift; sourceTree = "<group>"; };
		E8CF8E421ED6FA14002B9AC6 /* CILanczosScaleTransformFilter.swift */ = {isa = PBXFileReference; fileEncoding = 4; lastKnownFileType = sourcecode.swift; path = CILanczosScaleTransformFilter.swift; sourceTree = "<group>"; };
		E8CF8E441ED6FA7A002B9AC6 /* CIPerspectiveCorrectionFilter.swift */ = {isa = PBXFileReference; fileEncoding = 4; lastKnownFileType = sourcecode.swift; path = CIPerspectiveCorrectionFilter.swift; sourceTree = "<group>"; };
		E8CF8E461ED6FAC1002B9AC6 /* CIPerspectiveTransformFilter.swift */ = {isa = PBXFileReference; fileEncoding = 4; lastKnownFileType = sourcecode.swift; path = CIPerspectiveTransformFilter.swift; sourceTree = "<group>"; };
		E8CF8E481ED6FB32002B9AC6 /* CIPerspectiveTransformWithExtentFilter.swift */ = {isa = PBXFileReference; fileEncoding = 4; lastKnownFileType = sourcecode.swift; path = CIPerspectiveTransformWithExtentFilter.swift; sourceTree = "<group>"; };
		E8CF8E4A1ED6FBF6002B9AC6 /* CIStraightenFilter.swift */ = {isa = PBXFileReference; fileEncoding = 4; lastKnownFileType = sourcecode.swift; path = CIStraightenFilter.swift; sourceTree = "<group>"; };
/* End PBXFileReference section */

/* Begin PBXFrameworksBuildPhase section */
		E8CF8E051ED6EF0F002B9AC6 /* Frameworks */ = {
			isa = PBXFrameworksBuildPhase;
			buildActionMask = 2147483647;
			files = (
			);
			runOnlyForDeploymentPostprocessing = 0;
		};
/* End PBXFrameworksBuildPhase section */

/* Begin PBXGroup section */
		E8CF8DFF1ED6EF0F002B9AC6 = {
			isa = PBXGroup;
			children = (
				E8CF8E0A1ED6EF0F002B9AC6 /* Demo */,
				E8CF8E091ED6EF0F002B9AC6 /* Products */,
			);
			sourceTree = "<group>";
		};
		E8CF8E091ED6EF0F002B9AC6 /* Products */ = {
			isa = PBXGroup;
			children = (
				E8CF8E081ED6EF0F002B9AC6 /* Demo.app */,
			);
			name = Products;
			sourceTree = "<group>";
		};
		E8CF8E0A1ED6EF0F002B9AC6 /* Demo */ = {
			isa = PBXGroup;
			children = (
				E8CF8E1D1ED6EF64002B9AC6 /* CIFilterExtensions */,
				E8CF8E0B1ED6EF0F002B9AC6 /* AppDelegate.swift */,
				E8CF8E0D1ED6EF0F002B9AC6 /* ViewController.swift */,
				E8CF8E0F1ED6EF0F002B9AC6 /* Main.storyboard */,
				E8CF8E121ED6EF0F002B9AC6 /* Assets.xcassets */,
				E8CF8E141ED6EF0F002B9AC6 /* LaunchScreen.storyboard */,
				E8CF8E171ED6EF0F002B9AC6 /* Info.plist */,
			);
			path = Demo;
			sourceTree = "<group>";
		};
		E8CF8E1D1ED6EF64002B9AC6 /* CIFilterExtensions */ = {
			isa = PBXGroup;
			children = (
				E8CF8E3D1ED6F90D002B9AC6 /* GeometryAdjustment */,
				E8CF8E1E1ED6EF9D002B9AC6 /* DistortionEffect */,
			);
			name = CIFilterExtensions;
			path = ../../CIFilterExtensions;
			sourceTree = "<group>";
		};
		E8CF8E1E1ED6EF9D002B9AC6 /* DistortionEffect */ = {
			isa = PBXGroup;
			children = (
				E8CF8E1F1ED6EFD4002B9AC6 /* CIBumpDistortionFilter.swift */,
				E8CF8E211ED6F152002B9AC6 /* CIBumpDistortionLinearFilter.swift */,
				E8CF8E231ED6F2C2002B9AC6 /* CICircleSplashDistortionFilter.swift */,
				E8CF8E251ED6F371002B9AC6 /* CICircularWrapFilter.swift */,
				E8CF8E271ED6F407002B9AC6 /* CIDisplacementDistortionFilter.swift */,
				E8CF8E291ED6F474002B9AC6 /* CIDrosteFilter.swift */,
				E8CF8E2B1ED6F520002B9AC6 /* CIGlassDistortionFilter.swift */,
				E8CF8E2D1ED6F589002B9AC6 /* CIGlassLozengeFilter.swift */,
				E8CF8E2F1ED6F5F6002B9AC6 /* CIHoleDistortionFilter.swift */,
				E8CF8E311ED6F655002B9AC6 /* CILightTunnelFilter.swift */,
				E8CF8E331ED6F6D7002B9AC6 /* CIPinchDistortionFilter.swift */,
				E8CF8E351ED6F75D002B9AC6 /* CIStretchCropFilter.swift */,
				E8CF8E371ED6F7EA002B9AC6 /* CITorusLensDistortionFilter.swift */,
				E8CF8E391ED6F83A002B9AC6 /* CITwirlDistortionFilter.swift */,
				E8CF8E3B1ED6F88E002B9AC6 /* CIVortexDistortionFilter.swift */,
			);
			path = DistortionEffect;
			sourceTree = "<group>";
		};
		E8CF8E3D1ED6F90D002B9AC6 /* GeometryAdjustment */ = {
			isa = PBXGroup;
			children = (
				E8CF8E3E1ED6F924002B9AC6 /* CIAffineTransformFilter.swift */,
				E8CF8E401ED6F96C002B9AC6 /* CICropFilter.swift */,
				E8CF8E421ED6FA14002B9AC6 /* CILanczosScaleTransformFilter.swift */,
				E8CF8E441ED6FA7A002B9AC6 /* CIPerspectiveCorrectionFilter.swift */,
				E8CF8E461ED6FAC1002B9AC6 /* CIPerspectiveTransformFilter.swift */,
				E8CF8E481ED6FB32002B9AC6 /* CIPerspectiveTransformWithExtentFilter.swift */,
				E8CF8E4A1ED6FBF6002B9AC6 /* CIStraightenFilter.swift */,
			);
			path = GeometryAdjustment;
			sourceTree = "<group>";
		};
/* End PBXGroup section */

/* Begin PBXNativeTarget section */
		E8CF8E071ED6EF0F002B9AC6 /* Demo */ = {
			isa = PBXNativeTarget;
			buildConfigurationList = E8CF8E1A1ED6EF0F002B9AC6 /* Build configuration list for PBXNativeTarget "Demo" */;
			buildPhases = (
				E8CF8E041ED6EF0F002B9AC6 /* Sources */,
				E8CF8E051ED6EF0F002B9AC6 /* Frameworks */,
				E8CF8E061ED6EF0F002B9AC6 /* Resources */,
			);
			buildRules = (
			);
			dependencies = (
			);
			name = Demo;
			productName = Demo;
			productReference = E8CF8E081ED6EF0F002B9AC6 /* Demo.app */;
			productType = "com.apple.product-type.application";
		};
/* End PBXNativeTarget section */

/* Begin PBXProject section */
		E8CF8E001ED6EF0F002B9AC6 /* Project object */ = {
			isa = PBXProject;
			attributes = {
				LastSwiftUpdateCheck = 0830;
				LastUpgradeCheck = 0830;
				ORGANIZATIONNAME = Silence;
				TargetAttributes = {
					E8CF8E071ED6EF0F002B9AC6 = {
						CreatedOnToolsVersion = 8.3.2;
						ProvisioningStyle = Automatic;
					};
				};
			};
			buildConfigurationList = E8CF8E031ED6EF0F002B9AC6 /* Build configuration list for PBXProject "Demo" */;
			compatibilityVersion = "Xcode 3.2";
			developmentRegion = English;
			hasScannedForEncodings = 0;
			knownRegions = (
				en,
				Base,
			);
			mainGroup = E8CF8DFF1ED6EF0F002B9AC6;
			productRefGroup = E8CF8E091ED6EF0F002B9AC6 /* Products */;
			projectDirPath = "";
			projectRoot = "";
			targets = (
				E8CF8E071ED6EF0F002B9AC6 /* Demo */,
			);
		};
/* End PBXProject section */

/* Begin PBXResourcesBuildPhase section */
		E8CF8E061ED6EF0F002B9AC6 /* Resources */ = {
			isa = PBXResourcesBuildPhase;
			buildActionMask = 2147483647;
			files = (
				E8CF8E161ED6EF0F002B9AC6 /* LaunchScreen.storyboard in Resources */,
				E8CF8E131ED6EF0F002B9AC6 /* Assets.xcassets in Resources */,
				E8CF8E111ED6EF0F002B9AC6 /* Main.storyboard in Resources */,
			);
			runOnlyForDeploymentPostprocessing = 0;
		};
/* End PBXResourcesBuildPhase section */

/* Begin PBXSourcesBuildPhase section */
		E8CF8E041ED6EF0F002B9AC6 /* Sources */ = {
			isa = PBXSourcesBuildPhase;
			buildActionMask = 2147483647;
			files = (
				E8CF8E2C1ED6F520002B9AC6 /* CIGlassDistortionFilter.swift in Sources */,
				E8CF8E411ED6F96C002B9AC6 /* CICropFilter.swift in Sources */,
				E8CF8E0E1ED6EF0F002B9AC6 /* ViewController.swift in Sources */,
				E8CF8E341ED6F6D7002B9AC6 /* CIPinchDistortionFilter.swift in Sources */,
				E8CF8E301ED6F5F6002B9AC6 /* CIHoleDistortionFilter.swift in Sources */,
				E8CF8E381ED6F7EA002B9AC6 /* CITorusLensDistortionFilter.swift in Sources */,
				E8CF8E281ED6F407002B9AC6 /* CIDisplacementDistortionFilter.swift in Sources */,
				E8CF8E471ED6FAC1002B9AC6 /* CIPerspectiveTransformFilter.swift in Sources */,
				E8CF8E2A1ED6F474002B9AC6 /* CIDrosteFilter.swift in Sources */,
				E8CF8E3C1ED6F88E002B9AC6 /* CIVortexDistortionFilter.swift in Sources */,
				E8CF8E221ED6F152002B9AC6 /* CIBumpDistortionLinearFilter.swift in Sources */,
				E8CF8E361ED6F75D002B9AC6 /* CIStretchCropFilter.swift in Sources */,
				E8CF8E261ED6F371002B9AC6 /* CICircularWrapFilter.swift in Sources */,
				E8CF8E201ED6EFD4002B9AC6 /* CIBumpDistortionFilter.swift in Sources */,
				E8CF8E4B1ED6FBF6002B9AC6 /* CIStraightenFilter.swift in Sources */,
				E8CF8E491ED6FB32002B9AC6 /* CIPerspectiveTransformWithExtentFilter.swift in Sources */,
				E8CF8E3A1ED6F83A002B9AC6 /* CITwirlDistortionFilter.swift in Sources */,
				E8CF8E431ED6FA14002B9AC6 /* CILanczosScaleTransformFilter.swift in Sources */,
				E8CF8E321ED6F655002B9AC6 /* CILightTunnelFilter.swift in Sources */,
				E8CF8E2E1ED6F589002B9AC6 /* CIGlassLozengeFilter.swift in Sources */,
				E8CF8E3F1ED6F924002B9AC6 /* CIAffineTransformFilter.swift in Sources */,
				E8CF8E451ED6FA7A002B9AC6 /* CIPerspectiveCorrectionFilter.swift in Sources */,
				E8CF8E241ED6F2C2002B9AC6 /* CICircleSplashDistortionFilter.swift in Sources */,
				E8CF8E0C1ED6EF0F002B9AC6 /* AppDelegate.swift in Sources */,
			);
			runOnlyForDeploymentPostprocessing = 0;
		};
/* End PBXSourcesBuildPhase section */

/* Begin PBXVariantGroup section */
		E8CF8E0F1ED6EF0F002B9AC6 /* Main.storyboard */ = {
			isa = PBXVariantGroup;
			children = (
				E8CF8E101ED6EF0F002B9AC6 /* Base */,
			);
			name = Main.storyboard;
			sourceTree = "<group>";
		};
		E8CF8E141ED6EF0F002B9AC6 /* LaunchScreen.storyboard */ = {
			isa = PBXVariantGroup;
			children = (
				E8CF8E151ED6EF0F002B9AC6 /* Base */,
			);
			name = LaunchScreen.storyboard;
			sourceTree = "<group>";
		};
/* End PBXVariantGroup section */

/* Begin XCBuildConfiguration section */
		E8CF8E181ED6EF0F002B9AC6 /* Debug */ = {
			isa = XCBuildConfiguration;
			buildSettings = {
				ALWAYS_SEARCH_USER_PATHS = NO;
				CLANG_ANALYZER_NONNULL = YES;
				CLANG_ANALYZER_NUMBER_OBJECT_CONVERSION = YES_AGGRESSIVE;
				CLANG_CXX_LANGUAGE_STANDARD = "gnu++0x";
				CLANG_CXX_LIBRARY = "libc++";
				CLANG_ENABLE_MODULES = YES;
				CLANG_ENABLE_OBJC_ARC = YES;
				CLANG_WARN_BOOL_CONVERSION = YES;
				CLANG_WARN_CONSTANT_CONVERSION = YES;
				CLANG_WARN_DIRECT_OBJC_ISA_USAGE = YES_ERROR;
				CLANG_WARN_DOCUMENTATION_COMMENTS = YES;
				CLANG_WARN_EMPTY_BODY = YES;
				CLANG_WARN_ENUM_CONVERSION = YES;
				CLANG_WARN_INFINITE_RECURSION = YES;
				CLANG_WARN_INT_CONVERSION = YES;
				CLANG_WARN_OBJC_ROOT_CLASS = YES_ERROR;
				CLANG_WARN_SUSPICIOUS_MOVE = YES;
				CLANG_WARN_UNREACHABLE_CODE = YES;
				CLANG_WARN__DUPLICATE_METHOD_MATCH = YES;
				"CODE_SIGN_IDENTITY[sdk=iphoneos*]" = "iPhone Developer";
				COPY_PHASE_STRIP = NO;
				DEBUG_INFORMATION_FORMAT = dwarf;
				ENABLE_STRICT_OBJC_MSGSEND = YES;
				ENABLE_TESTABILITY = YES;
				GCC_C_LANGUAGE_STANDARD = gnu99;
				GCC_DYNAMIC_NO_PIC = NO;
				GCC_NO_COMMON_BLOCKS = YES;
				GCC_OPTIMIZATION_LEVEL = 0;
				GCC_PREPROCESSOR_DEFINITIONS = (
					"DEBUG=1",
					"$(inherited)",
				);
				GCC_WARN_64_TO_32_BIT_CONVERSION = YES;
				GCC_WARN_ABOUT_RETURN_TYPE = YES_ERROR;
				GCC_WARN_UNDECLARED_SELECTOR = YES;
				GCC_WARN_UNINITIALIZED_AUTOS = YES_AGGRESSIVE;
				GCC_WARN_UNUSED_FUNCTION = YES;
				GCC_WARN_UNUSED_VARIABLE = YES;
				IPHONEOS_DEPLOYMENT_TARGET = 10.3;
				MTL_ENABLE_DEBUG_INFO = YES;
				ONLY_ACTIVE_ARCH = YES;
				SDKROOT = iphoneos;
				SWIFT_ACTIVE_COMPILATION_CONDITIONS = DEBUG;
				SWIFT_OPTIMIZATION_LEVEL = "-Onone";
				TARGETED_DEVICE_FAMILY = "1,2";
			};
			name = Debug;
		};
		E8CF8E191ED6EF0F002B9AC6 /* Release */ = {
			isa = XCBuildConfiguration;
			buildSettings = {
				ALWAYS_SEARCH_USER_PATHS = NO;
				CLANG_ANALYZER_NONNULL = YES;
				CLANG_ANALYZER_NUMBER_OBJECT_CONVERSION = YES_AGGRESSIVE;
				CLANG_CXX_LANGUAGE_STANDARD = "gnu++0x";
				CLANG_CXX_LIBRARY = "libc++";
				CLANG_ENABLE_MODULES = YES;
				CLANG_ENABLE_OBJC_ARC = YES;
				CLANG_WARN_BOOL_CONVERSION = YES;
				CLANG_WARN_CONSTANT_CONVERSION = YES;
				CLANG_WARN_DIRECT_OBJC_ISA_USAGE = YES_ERROR;
				CLANG_WARN_DOCUMENTATION_COMMENTS = YES;
				CLANG_WARN_EMPTY_BODY = YES;
				CLANG_WARN_ENUM_CONVERSION = YES;
				CLANG_WARN_INFINITE_RECURSION = YES;
				CLANG_WARN_INT_CONVERSION = YES;
				CLANG_WARN_OBJC_ROOT_CLASS = YES_ERROR;
				CLANG_WARN_SUSPICIOUS_MOVE = YES;
				CLANG_WARN_UNREACHABLE_CODE = YES;
				CLANG_WARN__DUPLICATE_METHOD_MATCH = YES;
				"CODE_SIGN_IDENTITY[sdk=iphoneos*]" = "iPhone Developer";
				COPY_PHASE_STRIP = NO;
				DEBUG_INFORMATION_FORMAT = "dwarf-with-dsym";
				ENABLE_NS_ASSERTIONS = NO;
				ENABLE_STRICT_OBJC_MSGSEND = YES;
				GCC_C_LANGUAGE_STANDARD = gnu99;
				GCC_NO_COMMON_BLOCKS = YES;
				GCC_WARN_64_TO_32_BIT_CONVERSION = YES;
				GCC_WARN_ABOUT_RETURN_TYPE = YES_ERROR;
				GCC_WARN_UNDECLARED_SELECTOR = YES;
				GCC_WARN_UNINITIALIZED_AUTOS = YES_AGGRESSIVE;
				GCC_WARN_UNUSED_FUNCTION = YES;
				GCC_WARN_UNUSED_VARIABLE = YES;
				IPHONEOS_DEPLOYMENT_TARGET = 10.3;
				MTL_ENABLE_DEBUG_INFO = NO;
				SDKROOT = iphoneos;
				SWIFT_OPTIMIZATION_LEVEL = "-Owholemodule";
				TARGETED_DEVICE_FAMILY = "1,2";
				VALIDATE_PRODUCT = YES;
			};
			name = Release;
		};
		E8CF8E1B1ED6EF0F002B9AC6 /* Debug */ = {
			isa = XCBuildConfiguration;
			buildSettings = {
				ASSETCATALOG_COMPILER_APPICON_NAME = AppIcon;
				INFOPLIST_FILE = Demo/Info.plist;
				LD_RUNPATH_SEARCH_PATHS = "$(inherited) @executable_path/Frameworks";
				PRODUCT_BUNDLE_IDENTIFIER = com.silence.Demo;
				PRODUCT_NAME = "$(TARGET_NAME)";
				SWIFT_VERSION = 3.0;
			};
			name = Debug;
		};
		E8CF8E1C1ED6EF0F002B9AC6 /* Release */ = {
			isa = XCBuildConfiguration;
			buildSettings = {
				ASSETCATALOG_COMPILER_APPICON_NAME = AppIcon;
				INFOPLIST_FILE = Demo/Info.plist;
				LD_RUNPATH_SEARCH_PATHS = "$(inherited) @executable_path/Frameworks";
				PRODUCT_BUNDLE_IDENTIFIER = com.silence.Demo;
				PRODUCT_NAME = "$(TARGET_NAME)";
				SWIFT_VERSION = 3.0;
			};
			name = Release;
		};
/* End XCBuildConfiguration section */

/* Begin XCConfigurationList section */
		E8CF8E031ED6EF0F002B9AC6 /* Build configuration list for PBXProject "Demo" */ = {
			isa = XCConfigurationList;
			buildConfigurations = (
				E8CF8E181ED6EF0F002B9AC6 /* Debug */,
				E8CF8E191ED6EF0F002B9AC6 /* Release */,
			);
			defaultConfigurationIsVisible = 0;
			defaultConfigurationName = Release;
		};
		E8CF8E1A1ED6EF0F002B9AC6 /* Build configuration list for PBXNativeTarget "Demo" */ = {
			isa = XCConfigurationList;
			buildConfigurations = (
				E8CF8E1B1ED6EF0F002B9AC6 /* Debug */,
				E8CF8E1C1ED6EF0F002B9AC6 /* Release */,
			);
			defaultConfigurationIsVisible = 0;
		};
/* End XCConfigurationList section */
	};
	rootObject = E8CF8E001ED6EF0F002B9AC6 /* Project object */;
}
